
Microsoft Visual Studio Solution File, Format Version 12.00
# Visual Studio Version 16
VisualStudioVersion = 16.0.30503.244
MinimumVisualStudioVersion = 10.0.40219.1
Project("{FAE04EC0-301F-11D3-BF4B-00C04F79EFBC}") = "OnlineExamination", "OnlineExamination\OnlineExamination.csproj", "{CDDF1D07-DE80-4594-86C7-7E0FE161262B}"
EndProject
Global
	GlobalSection(SolutionConfigurationPlatforms) = preSolution
		Debug|Any CPU = Debug|Any CPU
		Release|Any CPU = Release|Any CPU
	EndGlobalSection
	GlobalSection(ProjectConfigurationPlatforms) = postSolution
		{CDDF1D07-DE80-4594-86C7-7E0FE161262B}.Debug|Any CPU.ActiveCfg = Debug|Any CPU
		{CDDF1D07-DE80-4594-86C7-7E0FE161262B}.Debug|Any CPU.Build.0 = Debug|Any CPU
		{CDDF1D07-DE80-4594-86C7-7E0FE161262B}.Release|Any CPU.ActiveCfg = Release|Any CPU
		{CDDF1D07-DE80-4594-86C7-7E0FE161262B}.Release|Any CPU.Build.0 = Release|Any CPU
	EndGlobalSection
	GlobalSection(SolutionProperties) = preSolution
		HideSolutionNode = FALSE
	EndGlobalSection
	GlobalSection(ExtensibilityGlobals) = postSolution
		SolutionGuid = {C5CE66FA-E871-4050-BF48-4126DD8502BB}
	EndGlobalSection
EndGlobal
